
Microsoft Visual Studio Solution File, Format Version 12.00
# Visual Studio Version 17
VisualStudioVersion = 17.11.35017.193
MinimumVisualStudioVersion = 10.0.40219.1
Project("{FAE04EC0-301F-11D3-BF4B-00C04F79EFBC}") = "IdentityRazorPage", "IdentityRazorPage\IdentityRazorPage.csproj", "{19F4EB69-6F68-44FB-8C60-2B63A69AB03B}"
EndProject
Project("{FAE04EC0-301F-11D3-BF4B-00C04F79EFBC}") = "KitapYorum.RazorPage", "KitapYorum.RazorPage\KitapYorum.RazorPage.csproj", "{C72F0508-3B12-497A-B29C-CD0BA4AEF94C}"
EndProject
Project("{FAE04EC0-301F-11D3-BF4B-00C04F79EFBC}") = "KitapYorum.Entites", "KitapYorum.Entites\KitapYorum.Entites.csproj", "{0BE56B44-2D37-4313-B442-D82B02E0C1B9}"
EndProject
Global
	GlobalSection(SolutionConfigurationPlatforms) = preSolution
		Debug|Any CPU = Debug|Any CPU
		Release|Any CPU = Release|Any CPU
	EndGlobalSection
	GlobalSection(ProjectConfigurationPlatforms) = postSolution
		{19F4EB69-6F68-44FB-8C60-2B63A69AB03B}.Debug|Any CPU.ActiveCfg = Debug|Any CPU
		{19F4EB69-6F68-44FB-8C60-2B63A69AB03B}.Debug|Any CPU.Build.0 = Debug|Any CPU
		{19F4EB69-6F68-44FB-8C60-2B63A69AB03B}.Release|Any CPU.ActiveCfg = Release|Any CPU
		{19F4EB69-6F68-44FB-8C60-2B63A69AB03B}.Release|Any CPU.Build.0 = Release|Any CPU
		{C72F0508-3B12-497A-B29C-CD0BA4AEF94C}.Debug|Any CPU.ActiveCfg = Debug|Any CPU
		{C72F0508-3B12-497A-B29C-CD0BA4AEF94C}.Debug|Any CPU.Build.0 = Debug|Any CPU
		{C72F0508-3B12-497A-B29C-CD0BA4AEF94C}.Release|Any CPU.ActiveCfg = Release|Any CPU
		{C72F0508-3B12-497A-B29C-CD0BA4AEF94C}.Release|Any CPU.Build.0 = Release|Any CPU
		{0BE56B44-2D37-4313-B442-D82B02E0C1B9}.Debug|Any CPU.ActiveCfg = Debug|Any CPU
		{0BE56B44-2D37-4313-B442-D82B02E0C1B9}.Debug|Any CPU.Build.0 = Debug|Any CPU
		{0BE56B44-2D37-4313-B442-D82B02E0C1B9}.Release|Any CPU.ActiveCfg = Release|Any CPU
		{0BE56B44-2D37-4313-B442-D82B02E0C1B9}.Release|Any CPU.Build.0 = Release|Any CPU
	EndGlobalSection
	GlobalSection(SolutionProperties) = preSolution
		HideSolutionNode = FALSE
	EndGlobalSection
	GlobalSection(ExtensibilityGlobals) = postSolution
		SolutionGuid = {3E792CA1-3697-4D66-95FE-5E103819E3BF}
	EndGlobalSection
EndGlobal
