
Microsoft Visual Studio Solution File, Format Version 12.00
# Visual Studio Version 17
VisualStudioVersion = 17.10.34814.14
MinimumVisualStudioVersion = 10.0.40219.1
Project("{FAE04EC0-301F-11D3-BF4B-00C04F79EFBC}") = "OOP_Giris", "OOP_Giris\OOP_Giris.csproj", "{169F0CD6-8B55-46FC-A67F-9FE2C8B7B643}"
EndProject
Global
	GlobalSection(SolutionConfigurationPlatforms) = preSolution
		Debug|Any CPU = Debug|Any CPU
		Release|Any CPU = Release|Any CPU
	EndGlobalSection
	GlobalSection(ProjectConfigurationPlatforms) = postSolution
		{169F0CD6-8B55-46FC-A67F-9FE2C8B7B643}.Debug|Any CPU.ActiveCfg = Debug|Any CPU
		{169F0CD6-8B55-46FC-A67F-9FE2C8B7B643}.Debug|Any CPU.Build.0 = Debug|Any CPU
		{169F0CD6-8B55-46FC-A67F-9FE2C8B7B643}.Release|Any CPU.ActiveCfg = Release|Any CPU
		{169F0CD6-8B55-46FC-A67F-9FE2C8B7B643}.Release|Any CPU.Build.0 = Release|Any CPU
	EndGlobalSection
	GlobalSection(SolutionProperties) = preSolution
		HideSolutionNode = FALSE
	EndGlobalSection
	GlobalSection(ExtensibilityGlobals) = postSolution
		SolutionGuid = {FF76BE15-5B74-4688-9DC5-313CC23F2387}
	EndGlobalSection
EndGlobal
